
Microsoft Visual Studio Solution File, Format Version 12.00
# Visual Studio Version 17
VisualStudioVersion = 17.5.002.0
MinimumVisualStudioVersion = 10.0.40219.1
Project("{9A19103F-16F7-4668-BE54-9A1E7A4F7556}") = "examen1", "examen1.csproj", "{D9EC9D40-191E-428E-A51B-070C5E5E4F54}"
EndProject
Global
	GlobalSection(SolutionConfigurationPlatforms) = preSolution
		Debug|Any CPU = Debug|Any CPU
		Release|Any CPU = Release|Any CPU
	EndGlobalSection
	GlobalSection(ProjectConfigurationPlatforms) = postSolution
		{D9EC9D40-191E-428E-A51B-070C5E5E4F54}.Debug|Any CPU.ActiveCfg = Debug|Any CPU
		{D9EC9D40-191E-428E-A51B-070C5E5E4F54}.Debug|Any CPU.Build.0 = Debug|Any CPU
		{D9EC9D40-191E-428E-A51B-070C5E5E4F54}.Release|Any CPU.ActiveCfg = Release|Any CPU
		{D9EC9D40-191E-428E-A51B-070C5E5E4F54}.Release|Any CPU.Build.0 = Release|Any CPU
	EndGlobalSection
	GlobalSection(SolutionProperties) = preSolution
		HideSolutionNode = FALSE
	EndGlobalSection
	GlobalSection(ExtensibilityGlobals) = postSolution
		SolutionGuid = {02C84E66-6092-4600-90F3-354CB6BA6A28}
	EndGlobalSection
EndGlobal
